
Microsoft Visual Studio Solution File, Format Version 12.00
# Visual Studio Version 17
VisualStudioVersion = 17.5.002.0
MinimumVisualStudioVersion = 10.0.40219.1
Project("{2150E333-8FDC-42A3-9474-1A3956D46DE8}") = "src", "src", "{0598A09B-0F77-4D0D-94C7-4BC235B9DB04}"
EndProject
Project("{9A19103F-16F7-4668-BE54-9A1E7A4F7556}") = "CafeApp.Api", "src\CafeApp.Api\CafeApp.Api.csproj", "{C59DCD44-BB8A-4BAE-A8DA-50B8D853FE3B}"
EndProject
Global
	GlobalSection(SolutionConfigurationPlatforms) = preSolution
		Debug|Any CPU = Debug|Any CPU
		Release|Any CPU = Release|Any CPU
	EndGlobalSection
	GlobalSection(ProjectConfigurationPlatforms) = postSolution
		{C59DCD44-BB8A-4BAE-A8DA-50B8D853FE3B}.Debug|Any CPU.ActiveCfg = Debug|Any CPU
		{C59DCD44-BB8A-4BAE-A8DA-50B8D853FE3B}.Debug|Any CPU.Build.0 = Debug|Any CPU
		{C59DCD44-BB8A-4BAE-A8DA-50B8D853FE3B}.Release|Any CPU.ActiveCfg = Release|Any CPU
		{C59DCD44-BB8A-4BAE-A8DA-50B8D853FE3B}.Release|Any CPU.Build.0 = Release|Any CPU
	EndGlobalSection
	GlobalSection(SolutionProperties) = preSolution
		HideSolutionNode = FALSE
	EndGlobalSection
	GlobalSection(NestedProjects) = preSolution
		{C59DCD44-BB8A-4BAE-A8DA-50B8D853FE3B} = {0598A09B-0F77-4D0D-94C7-4BC235B9DB04}
	EndGlobalSection
	GlobalSection(ExtensibilityGlobals) = postSolution
		SolutionGuid = {A6A5FF31-B5A0-459F-998D-EFF789B57926}
	EndGlobalSection
EndGlobal
